
Microsoft Visual Studio Solution File, Format Version 12.00
# Visual Studio 15
VisualStudioVersion = 15.0.28307.438
MinimumVisualStudioVersion = 10.0.40219.1
Project("{FAE04EC0-301F-11D3-BF4B-00C04F79EFBC}") = "TestRFID", "TestRFID\TestRFID.csproj", "{883191D8-CF0D-4365-A87A-9137B9F7157B}"
EndProject
Global
	GlobalSection(SolutionConfigurationPlatforms) = preSolution
		Debug|Any CPU = Debug|Any CPU
		Release|Any CPU = Release|Any CPU
	EndGlobalSection
	GlobalSection(ProjectConfigurationPlatforms) = postSolution
		{883191D8-CF0D-4365-A87A-9137B9F7157B}.Debug|Any CPU.ActiveCfg = Debug|Any CPU
		{883191D8-CF0D-4365-A87A-9137B9F7157B}.Debug|Any CPU.Build.0 = Debug|Any CPU
		{883191D8-CF0D-4365-A87A-9137B9F7157B}.Release|Any CPU.ActiveCfg = Release|Any CPU
		{883191D8-CF0D-4365-A87A-9137B9F7157B}.Release|Any CPU.Build.0 = Release|Any CPU
	EndGlobalSection
	GlobalSection(SolutionProperties) = preSolution
		HideSolutionNode = FALSE
	EndGlobalSection
	GlobalSection(ExtensibilityGlobals) = postSolution
		SolutionGuid = {B8988ACC-B678-442A-B331-BE5C1A2F0765}
	EndGlobalSection
EndGlobal
